
Microsoft Visual Studio Solution File, Format Version 12.00
# Visual Studio Version 16
VisualStudioVersion = 16.0.31129.286
MinimumVisualStudioVersion = 10.0.40219.1
Project("{FAE04EC0-301F-11D3-BF4B-00C04F79EFBC}") = "CurrenciesApi", "CurrenciesApi\CurrenciesApi.csproj", "{9AFCAD69-08AD-48B7-9038-584736A0ED54}"
EndProject
Global
	GlobalSection(SolutionConfigurationPlatforms) = preSolution
		Debug|Any CPU = Debug|Any CPU
		Release|Any CPU = Release|Any CPU
	EndGlobalSection
	GlobalSection(ProjectConfigurationPlatforms) = postSolution
		{9AFCAD69-08AD-48B7-9038-584736A0ED54}.Debug|Any CPU.ActiveCfg = Debug|Any CPU
		{9AFCAD69-08AD-48B7-9038-584736A0ED54}.Debug|Any CPU.Build.0 = Debug|Any CPU
		{9AFCAD69-08AD-48B7-9038-584736A0ED54}.Release|Any CPU.ActiveCfg = Release|Any CPU
		{9AFCAD69-08AD-48B7-9038-584736A0ED54}.Release|Any CPU.Build.0 = Release|Any CPU
	EndGlobalSection
	GlobalSection(SolutionProperties) = preSolution
		HideSolutionNode = FALSE
	EndGlobalSection
	GlobalSection(ExtensibilityGlobals) = postSolution
		SolutionGuid = {77C5919A-A158-4394-8172-9AB7167146EC}
	EndGlobalSection
EndGlobal
